
Microsoft Visual Studio Solution File, Format Version 12.00
# Visual Studio Version 17
VisualStudioVersion = 17.7.34024.191
MinimumVisualStudioVersion = 10.0.40219.1
Project("{FAE04EC0-301F-11D3-BF4B-00C04F79EFBC}") = "Number 9 02.09.2023", "Number 9 02.09.2023\Number 9 02.09.2023.csproj", "{0971D2A6-BA6F-4FE2-AE73-EEAA9533CB87}"
EndProject
Global
	GlobalSection(SolutionConfigurationPlatforms) = preSolution
		Debug|Any CPU = Debug|Any CPU
		Release|Any CPU = Release|Any CPU
	EndGlobalSection
	GlobalSection(ProjectConfigurationPlatforms) = postSolution
		{0971D2A6-BA6F-4FE2-AE73-EEAA9533CB87}.Debug|Any CPU.ActiveCfg = Debug|Any CPU
		{0971D2A6-BA6F-4FE2-AE73-EEAA9533CB87}.Debug|Any CPU.Build.0 = Debug|Any CPU
		{0971D2A6-BA6F-4FE2-AE73-EEAA9533CB87}.Release|Any CPU.ActiveCfg = Release|Any CPU
		{0971D2A6-BA6F-4FE2-AE73-EEAA9533CB87}.Release|Any CPU.Build.0 = Release|Any CPU
	EndGlobalSection
	GlobalSection(SolutionProperties) = preSolution
		HideSolutionNode = FALSE
	EndGlobalSection
	GlobalSection(ExtensibilityGlobals) = postSolution
		SolutionGuid = {8B55B0B3-59B5-47CC-80A4-EE98AB1B6271}
	EndGlobalSection
EndGlobal
